
Microsoft Visual Studio Solution File, Format Version 12.00
# Visual Studio Version 17
VisualStudioVersion = 17.10.35122.118
MinimumVisualStudioVersion = 10.0.40219.1
Project("{2150E333-8FDC-42A3-9474-1A3956D46DE8}") = "Src", "Src", "{26485338-F3CF-48AF-BBBE-F77FEB8172BD}"
EndProject
Project("{2150E333-8FDC-42A3-9474-1A3956D46DE8}") = "Tests", "Tests", "{584C8B52-3CF8-4BD9-AEA6-A034DC473C60}"
EndProject
Project("{2150E333-8FDC-42A3-9474-1A3956D46DE8}") = "Core", "Core", "{84563663-F7B0-408A-964C-57664C70AFC3}"
EndProject
Project("{2150E333-8FDC-42A3-9474-1A3956D46DE8}") = "Infrastructure", "Infrastructure", "{FFACA22D-D661-4B04-9C83-7EBAD15FB366}"
EndProject
Project("{2150E333-8FDC-42A3-9474-1A3956D46DE8}") = "Peresentation", "Peresentation", "{9F17AC42-B726-48EE-8733-901DD231AF8E}"
EndProject
Project("{9A19103F-16F7-4668-BE54-9A1E7A4F7556}") = "Domain", "Src\Core\Domain\Domain.csproj", "{B1F40EFB-D0B9-42E7-A788-A4E3320D164C}"
EndProject
Project("{9A19103F-16F7-4668-BE54-9A1E7A4F7556}") = "Application", "Src\Core\Application\Application.csproj", "{F22CC312-936C-4B17-B47E-182C8B78BAAF}"
EndProject
Project("{9A19103F-16F7-4668-BE54-9A1E7A4F7556}") = "Persistence", "Src\Infrastructure\Persistence\Persistence.csproj", "{DD0C659C-0665-425A-AF51-59C99752B440}"
EndProject
Project("{9A19103F-16F7-4668-BE54-9A1E7A4F7556}") = "Api", "Src\Peresentation\Api\Api.csproj", "{7FA6AB82-3F6A-4877-9726-07F38A34708F}"
EndProject
Project("{2150E333-8FDC-42A3-9474-1A3956D46DE8}") = "Core", "Core", "{647D8542-0B00-4D4A-BFC6-CBE797E8C40B}"
EndProject
Project("{9A19103F-16F7-4668-BE54-9A1E7A4F7556}") = "DomainTests", "Tests\Core\DomainTests\DomainTests.csproj", "{12FFDE14-7170-4699-A69E-D3885C76483A}"
EndProject
Project("{2150E333-8FDC-42A3-9474-1A3956D46DE8}") = "Infrastructure", "Infrastructure", "{2E95523A-A790-4644-AFAC-CB207FA9CC54}"
EndProject
Project("{9A19103F-16F7-4668-BE54-9A1E7A4F7556}") = "PersistenceTests", "Tests\Infrastructure\PersistenceTests\PersistenceTests.csproj", "{EB161237-047A-49D1-AB03-C4BA1FD9A055}"
EndProject
Project("{9A19103F-16F7-4668-BE54-9A1E7A4F7556}") = "ApplicationTests", "Tests\Core\ApplicationTests\ApplicationTests.csproj", "{578B9952-89B7-42BB-AA81-BCE53ED36821}"
EndProject
Project("{9A19103F-16F7-4668-BE54-9A1E7A4F7556}") = "SmsService", "Src\Infrastructure\SmsService\SmsService.csproj", "{F8DB511F-9C64-4448-B88C-49F0F2B0E6FF}"
EndProject
Project("{9A19103F-16F7-4668-BE54-9A1E7A4F7556}") = "OtpService", "Src\Infrastructure\OtpService\OtpService.csproj", "{27D67665-D346-41FA-9DEA-18C1F30E6D68}"
EndProject
Project("{FAE04EC0-301F-11D3-BF4B-00C04F79EFBC}") = "OtpServiceTests", "Tests\Infrastructure\OtpServiceTests\OtpServiceTests.csproj", "{4057D1DA-BA5B-4155-817B-504A2536C0C8}"
EndProject
Global
	GlobalSection(SolutionConfigurationPlatforms) = preSolution
		Debug|Any CPU = Debug|Any CPU
		Release|Any CPU = Release|Any CPU
	EndGlobalSection
	GlobalSection(ProjectConfigurationPlatforms) = postSolution
		{B1F40EFB-D0B9-42E7-A788-A4E3320D164C}.Debug|Any CPU.ActiveCfg = Debug|Any CPU
		{B1F40EFB-D0B9-42E7-A788-A4E3320D164C}.Debug|Any CPU.Build.0 = Debug|Any CPU
		{B1F40EFB-D0B9-42E7-A788-A4E3320D164C}.Release|Any CPU.ActiveCfg = Release|Any CPU
		{B1F40EFB-D0B9-42E7-A788-A4E3320D164C}.Release|Any CPU.Build.0 = Release|Any CPU
		{F22CC312-936C-4B17-B47E-182C8B78BAAF}.Debug|Any CPU.ActiveCfg = Debug|Any CPU
		{F22CC312-936C-4B17-B47E-182C8B78BAAF}.Debug|Any CPU.Build.0 = Debug|Any CPU
		{F22CC312-936C-4B17-B47E-182C8B78BAAF}.Release|Any CPU.ActiveCfg = Release|Any CPU
		{F22CC312-936C-4B17-B47E-182C8B78BAAF}.Release|Any CPU.Build.0 = Release|Any CPU
		{DD0C659C-0665-425A-AF51-59C99752B440}.Debug|Any CPU.ActiveCfg = Debug|Any CPU
		{DD0C659C-0665-425A-AF51-59C99752B440}.Debug|Any CPU.Build.0 = Debug|Any CPU
		{DD0C659C-0665-425A-AF51-59C99752B440}.Release|Any CPU.ActiveCfg = Release|Any CPU
		{DD0C659C-0665-425A-AF51-59C99752B440}.Release|Any CPU.Build.0 = Release|Any CPU
		{7FA6AB82-3F6A-4877-9726-07F38A34708F}.Debug|Any CPU.ActiveCfg = Debug|Any CPU
		{7FA6AB82-3F6A-4877-9726-07F38A34708F}.Debug|Any CPU.Build.0 = Debug|Any CPU
		{7FA6AB82-3F6A-4877-9726-07F38A34708F}.Release|Any CPU.ActiveCfg = Release|Any CPU
		{7FA6AB82-3F6A-4877-9726-07F38A34708F}.Release|Any CPU.Build.0 = Release|Any CPU
		{12FFDE14-7170-4699-A69E-D3885C76483A}.Debug|Any CPU.ActiveCfg = Debug|Any CPU
		{12FFDE14-7170-4699-A69E-D3885C76483A}.Debug|Any CPU.Build.0 = Debug|Any CPU
		{12FFDE14-7170-4699-A69E-D3885C76483A}.Release|Any CPU.ActiveCfg = Release|Any CPU
		{12FFDE14-7170-4699-A69E-D3885C76483A}.Release|Any CPU.Build.0 = Release|Any CPU
		{EB161237-047A-49D1-AB03-C4BA1FD9A055}.Debug|Any CPU.ActiveCfg = Debug|Any CPU
		{EB161237-047A-49D1-AB03-C4BA1FD9A055}.Debug|Any CPU.Build.0 = Debug|Any CPU
		{EB161237-047A-49D1-AB03-C4BA1FD9A055}.Release|Any CPU.ActiveCfg = Release|Any CPU
		{EB161237-047A-49D1-AB03-C4BA1FD9A055}.Release|Any CPU.Build.0 = Release|Any CPU
		{578B9952-89B7-42BB-AA81-BCE53ED36821}.Debug|Any CPU.ActiveCfg = Debug|Any CPU
		{578B9952-89B7-42BB-AA81-BCE53ED36821}.Debug|Any CPU.Build.0 = Debug|Any CPU
		{578B9952-89B7-42BB-AA81-BCE53ED36821}.Release|Any CPU.ActiveCfg = Release|Any CPU
		{578B9952-89B7-42BB-AA81-BCE53ED36821}.Release|Any CPU.Build.0 = Release|Any CPU
		{F8DB511F-9C64-4448-B88C-49F0F2B0E6FF}.Debug|Any CPU.ActiveCfg = Debug|Any CPU
		{F8DB511F-9C64-4448-B88C-49F0F2B0E6FF}.Debug|Any CPU.Build.0 = Debug|Any CPU
		{F8DB511F-9C64-4448-B88C-49F0F2B0E6FF}.Release|Any CPU.ActiveCfg = Release|Any CPU
		{F8DB511F-9C64-4448-B88C-49F0F2B0E6FF}.Release|Any CPU.Build.0 = Release|Any CPU
		{27D67665-D346-41FA-9DEA-18C1F30E6D68}.Debug|Any CPU.ActiveCfg = Debug|Any CPU
		{27D67665-D346-41FA-9DEA-18C1F30E6D68}.Debug|Any CPU.Build.0 = Debug|Any CPU
		{27D67665-D346-41FA-9DEA-18C1F30E6D68}.Release|Any CPU.ActiveCfg = Release|Any CPU
		{27D67665-D346-41FA-9DEA-18C1F30E6D68}.Release|Any CPU.Build.0 = Release|Any CPU
		{4057D1DA-BA5B-4155-817B-504A2536C0C8}.Debug|Any CPU.ActiveCfg = Debug|Any CPU
		{4057D1DA-BA5B-4155-817B-504A2536C0C8}.Debug|Any CPU.Build.0 = Debug|Any CPU
		{4057D1DA-BA5B-4155-817B-504A2536C0C8}.Release|Any CPU.ActiveCfg = Release|Any CPU
		{4057D1DA-BA5B-4155-817B-504A2536C0C8}.Release|Any CPU.Build.0 = Release|Any CPU
	EndGlobalSection
	GlobalSection(SolutionProperties) = preSolution
		HideSolutionNode = FALSE
	EndGlobalSection
	GlobalSection(NestedProjects) = preSolution
		{84563663-F7B0-408A-964C-57664C70AFC3} = {26485338-F3CF-48AF-BBBE-F77FEB8172BD}
		{FFACA22D-D661-4B04-9C83-7EBAD15FB366} = {26485338-F3CF-48AF-BBBE-F77FEB8172BD}
		{9F17AC42-B726-48EE-8733-901DD231AF8E} = {26485338-F3CF-48AF-BBBE-F77FEB8172BD}
		{B1F40EFB-D0B9-42E7-A788-A4E3320D164C} = {84563663-F7B0-408A-964C-57664C70AFC3}
		{F22CC312-936C-4B17-B47E-182C8B78BAAF} = {84563663-F7B0-408A-964C-57664C70AFC3}
		{DD0C659C-0665-425A-AF51-59C99752B440} = {FFACA22D-D661-4B04-9C83-7EBAD15FB366}
		{7FA6AB82-3F6A-4877-9726-07F38A34708F} = {9F17AC42-B726-48EE-8733-901DD231AF8E}
		{647D8542-0B00-4D4A-BFC6-CBE797E8C40B} = {584C8B52-3CF8-4BD9-AEA6-A034DC473C60}
		{12FFDE14-7170-4699-A69E-D3885C76483A} = {647D8542-0B00-4D4A-BFC6-CBE797E8C40B}
		{2E95523A-A790-4644-AFAC-CB207FA9CC54} = {584C8B52-3CF8-4BD9-AEA6-A034DC473C60}
		{EB161237-047A-49D1-AB03-C4BA1FD9A055} = {2E95523A-A790-4644-AFAC-CB207FA9CC54}
		{578B9952-89B7-42BB-AA81-BCE53ED36821} = {647D8542-0B00-4D4A-BFC6-CBE797E8C40B}
		{F8DB511F-9C64-4448-B88C-49F0F2B0E6FF} = {FFACA22D-D661-4B04-9C83-7EBAD15FB366}
		{27D67665-D346-41FA-9DEA-18C1F30E6D68} = {FFACA22D-D661-4B04-9C83-7EBAD15FB366}
		{4057D1DA-BA5B-4155-817B-504A2536C0C8} = {2E95523A-A790-4644-AFAC-CB207FA9CC54}
	EndGlobalSection
	GlobalSection(ExtensibilityGlobals) = postSolution
		SolutionGuid = {C8767946-8757-45A7-8178-22A33C211847}
	EndGlobalSection
EndGlobal
